
Microsoft Visual Studio Solution File, Format Version 12.00
# Visual Studio Version 16
VisualStudioVersion = 16.0.30225.117
MinimumVisualStudioVersion = 10.0.40219.1
Project("{9A19103F-16F7-4668-BE54-9A1E7A4F7556}") = "EducationPortal.DAL", "EducationPortal.DAL\EducationPortal.DAL.csproj", "{6294167E-DD93-4AF0-8B80-49852AC563A8}"
EndProject
Project("{9A19103F-16F7-4668-BE54-9A1E7A4F7556}") = "ConsoleTest", "ConsoleTest\ConsoleTest.csproj", "{1DF976E5-4D0A-4DD6-A585-A8E255CAC89D}"
EndProject
Project("{FAE04EC0-301F-11D3-BF4B-00C04F79EFBC}") = "EducationPortal.ConsoleUI", "EducationPortal.ConsoleUI\EducationPortal.ConsoleUI.csproj", "{068C7786-B48A-4C28-9EA0-9C439B5A37B9}"
EndProject
Project("{FAE04EC0-301F-11D3-BF4B-00C04F79EFBC}") = "EducationPortal.BLL", "EducationPortal.BLL\EducationPortal.BLL.csproj", "{CAED0D51-29D6-4795-9A33-5A34A47C6413}"
EndProject
Global
	GlobalSection(SolutionConfigurationPlatforms) = preSolution
		Debug|Any CPU = Debug|Any CPU
		Release|Any CPU = Release|Any CPU
	EndGlobalSection
	GlobalSection(ProjectConfigurationPlatforms) = postSolution
		{6294167E-DD93-4AF0-8B80-49852AC563A8}.Debug|Any CPU.ActiveCfg = Debug|Any CPU
		{6294167E-DD93-4AF0-8B80-49852AC563A8}.Debug|Any CPU.Build.0 = Debug|Any CPU
		{6294167E-DD93-4AF0-8B80-49852AC563A8}.Release|Any CPU.ActiveCfg = Release|Any CPU
		{6294167E-DD93-4AF0-8B80-49852AC563A8}.Release|Any CPU.Build.0 = Release|Any CPU
		{1DF976E5-4D0A-4DD6-A585-A8E255CAC89D}.Debug|Any CPU.ActiveCfg = Debug|Any CPU
		{1DF976E5-4D0A-4DD6-A585-A8E255CAC89D}.Debug|Any CPU.Build.0 = Debug|Any CPU
		{1DF976E5-4D0A-4DD6-A585-A8E255CAC89D}.Release|Any CPU.ActiveCfg = Release|Any CPU
		{1DF976E5-4D0A-4DD6-A585-A8E255CAC89D}.Release|Any CPU.Build.0 = Release|Any CPU
		{068C7786-B48A-4C28-9EA0-9C439B5A37B9}.Debug|Any CPU.ActiveCfg = Debug|Any CPU
		{068C7786-B48A-4C28-9EA0-9C439B5A37B9}.Debug|Any CPU.Build.0 = Debug|Any CPU
		{068C7786-B48A-4C28-9EA0-9C439B5A37B9}.Release|Any CPU.ActiveCfg = Release|Any CPU
		{068C7786-B48A-4C28-9EA0-9C439B5A37B9}.Release|Any CPU.Build.0 = Release|Any CPU
		{CAED0D51-29D6-4795-9A33-5A34A47C6413}.Debug|Any CPU.ActiveCfg = Debug|Any CPU
		{CAED0D51-29D6-4795-9A33-5A34A47C6413}.Debug|Any CPU.Build.0 = Debug|Any CPU
		{CAED0D51-29D6-4795-9A33-5A34A47C6413}.Release|Any CPU.ActiveCfg = Release|Any CPU
		{CAED0D51-29D6-4795-9A33-5A34A47C6413}.Release|Any CPU.Build.0 = Release|Any CPU
	EndGlobalSection
	GlobalSection(SolutionProperties) = preSolution
		HideSolutionNode = FALSE
	EndGlobalSection
	GlobalSection(ExtensibilityGlobals) = postSolution
		SolutionGuid = {C5E2157E-50E0-4771-A00C-14AC9A85F62E}
	EndGlobalSection
EndGlobal
